
Microsoft Visual Studio Solution File, Format Version 12.00
# Visual Studio 15
VisualStudioVersion = 15.0.28010.2003
MinimumVisualStudioVersion = 10.0.40219.1
Project("{9A19103F-16F7-4668-BE54-9A1E7A4F7556}") = "trybot.extensions.http", "src\trybot.extensions.http.csproj", "{92D9D840-EC56-4078-A342-8C4B7D195DD2}"
EndProject
Project("{9A19103F-16F7-4668-BE54-9A1E7A4F7556}") = "trybot.extensions.http.tests", "test\trybot.extensions.http.tests.csproj", "{80331DFC-F71C-481D-9098-53BECC1526C3}"
EndProject
Global
	GlobalSection(SolutionConfigurationPlatforms) = preSolution
		Debug|Any CPU = Debug|Any CPU
		Release|Any CPU = Release|Any CPU
	EndGlobalSection
	GlobalSection(ProjectConfigurationPlatforms) = postSolution
		{92D9D840-EC56-4078-A342-8C4B7D195DD2}.Debug|Any CPU.ActiveCfg = Debug|Any CPU
		{92D9D840-EC56-4078-A342-8C4B7D195DD2}.Debug|Any CPU.Build.0 = Debug|Any CPU
		{92D9D840-EC56-4078-A342-8C4B7D195DD2}.Release|Any CPU.ActiveCfg = Release|Any CPU
		{92D9D840-EC56-4078-A342-8C4B7D195DD2}.Release|Any CPU.Build.0 = Release|Any CPU
		{80331DFC-F71C-481D-9098-53BECC1526C3}.Debug|Any CPU.ActiveCfg = Debug|Any CPU
		{80331DFC-F71C-481D-9098-53BECC1526C3}.Debug|Any CPU.Build.0 = Debug|Any CPU
		{80331DFC-F71C-481D-9098-53BECC1526C3}.Release|Any CPU.ActiveCfg = Release|Any CPU
		{80331DFC-F71C-481D-9098-53BECC1526C3}.Release|Any CPU.Build.0 = Release|Any CPU
	EndGlobalSection
	GlobalSection(SolutionProperties) = preSolution
		HideSolutionNode = FALSE
	EndGlobalSection
	GlobalSection(ExtensibilityGlobals) = postSolution
		SolutionGuid = {53AAF38F-8058-429A-8FBF-673FFD129B3B}
	EndGlobalSection
EndGlobal
